{
  "version": 4,
  "terraform_version": "1.9.6",
  "serial": 346,
  "lineage": "4f245453-6230-5114-919d-75fd62af7ad3",
  "outputs": {
    "private_vm_ip": {
      "value": "10.0.2.4",
      "type": "string"
    },
    "public_vm_ip": {
      "value": "104.210.0.239",
      "type": "string"
    }
  },
  "resources": [
    {
      "mode": "managed",
      "type": "azurerm_linux_virtual_machine",
      "name": "private_vm",
      "provider": "provider[\"registry.terraform.io/hashicorp/azurerm\"]",
      "instances": [
        {
          "schema_version": 0,
          "attributes": {
            "additional_capabilities": [],
            "admin_password": null,
            "admin_ssh_key": [
              {
                "public_key": "ssh-ed25519 AAAAC3NzaC1lZDI1NTE5AAAAIHnLLVvjB4th2NT68N22fDqKn1M8KkWnZ0Me903L24Q5 obarrientos@oscars-mac-mini.lan\n",
                "username": "aiadmin"
              }
            ],
            "admin_username": "aiadmin",
            "allow_extension_operations": true,
            "availability_set_id": "",
            "boot_diagnostics": [],
            "bypass_platform_safety_checks_on_user_schedule_enabled": false,
            "capacity_reservation_group_id": "",
            "computer_name": "BackOffice-VM",
            "custom_data": null,
            "dedicated_host_group_id": "",
            "dedicated_host_id": "",
            "disable_password_authentication": true,
            "disk_controller_type": "",
            "edge_zone": "",
            "encryption_at_host_enabled": false,
            "eviction_policy": "",
            "extensions_time_budget": "PT1H30M",
            "gallery_application": [],
            "id": "/subscriptions/33f8d807-62c2-4c19-9ba0-3d3cef4f5336/resourceGroups/BACKOFFICE_RESOURCES/providers/Microsoft.Compute/virtualMachines/BackOffice-VM",
            "identity": [],
            "license_type": "",
            "location": "eastus2",
            "max_bid_price": -1,
            "name": "BackOffice-VM",
            "network_interface_ids": [
              "/subscriptions/33f8d807-62c2-4c19-9ba0-3d3cef4f5336/resourceGroups/BACKOFFICE_RESOURCES/providers/Microsoft.Network/networkInterfaces/Private-VM-NIC"
            ],
            "os_disk": [
              {
                "caching": "ReadWrite",
                "diff_disk_settings": [],
                "disk_encryption_set_id": "",
                "disk_size_gb": 30,
                "name": "BackOffice-VM-Disk",
                "secure_vm_disk_encryption_set_id": "",
                "security_encryption_type": "",
                "storage_account_type": "Standard_LRS",
                "write_accelerator_enabled": false
              }
            ],
            "os_image_notification": [],
            "patch_assessment_mode": "ImageDefault",
            "patch_mode": "ImageDefault",
            "plan": [],
            "platform_fault_domain": -1,
            "priority": "Regular",
            "private_ip_address": "10.0.2.4",
            "private_ip_addresses": [
              "10.0.2.4"
            ],
            "provision_vm_agent": true,
            "proximity_placement_group_id": "",
            "public_ip_address": "",
            "public_ip_addresses": [],
            "reboot_setting": "",
            "resource_group_name": "BACKOFFICE_RESOURCES",
            "secret": [],
            "secure_boot_enabled": false,
            "size": "Standard_D2s_v4",
            "source_image_id": "",
            "source_image_reference": [
              {
                "offer": "UbuntuServer",
                "publisher": "Canonical",
                "sku": "18.04-LTS",
                "version": "latest"
              }
            ],
            "tags": {},
            "termination_notification": [],
            "timeouts": null,
            "user_data": "",
            "virtual_machine_id": "20674bd4-6255-4d8b-923d-0c6c5d9774d2",
            "virtual_machine_scale_set_id": "",
            "vm_agent_platform_updates_enabled": false,
            "vtpm_enabled": false,
            "zone": ""
          },
          "sensitive_attributes": [
            [
              {
                "type": "get_attr",
                "value": "custom_data"
              }
            ],
            [
              {
                "type": "get_attr",
                "value": "admin_password"
              }
            ]
          ],
          "private": "eyJlMmJmYjczMC1lY2FhLTExZTYtOGY4OC0zNDM2M2JjN2M0YzAiOnsiY3JlYXRlIjoyNzAwMDAwMDAwMDAwLCJkZWxldGUiOjI3MDAwMDAwMDAwMDAsInJlYWQiOjMwMDAwMDAwMDAwMCwidXBkYXRlIjoyNzAwMDAwMDAwMDAwfX0=",
          "dependencies": [
            "azurerm_network_interface.private_vm_nic",
            "azurerm_resource_group.backoffice_rg",
            "azurerm_resource_group.common_rg",
            "azurerm_subnet.private_subnet",
            "azurerm_virtual_network.shared_vnet"
          ]
        }
      ]
    },
    {
      "mode": "managed",
      "type": "azurerm_linux_virtual_machine",
      "name": "public_vm",
      "provider": "provider[\"registry.terraform.io/hashicorp/azurerm\"]",
      "instances": [
        {
          "schema_version": 0,
          "attributes": {
            "additional_capabilities": [],
            "admin_password": null,
            "admin_ssh_key": [
              {
                "public_key": "ssh-ed25519 AAAAC3NzaC1lZDI1NTE5AAAAIHnLLVvjB4th2NT68N22fDqKn1M8KkWnZ0Me903L24Q5 obarrientos@oscars-mac-mini.lan\n",
                "username": "aiadmin"
              }
            ],
            "admin_username": "aiadmin",
            "allow_extension_operations": true,
            "availability_set_id": "",
            "boot_diagnostics": [],
            "bypass_platform_safety_checks_on_user_schedule_enabled": false,
            "capacity_reservation_group_id": "",
            "computer_name": "ProdigiesAI-VM",
            "custom_data": null,
            "dedicated_host_group_id": "",
            "dedicated_host_id": "",
            "disable_password_authentication": true,
            "disk_controller_type": "",
            "edge_zone": "",
            "encryption_at_host_enabled": false,
            "eviction_policy": "",
            "extensions_time_budget": "PT1H30M",
            "gallery_application": [],
            "id": "/subscriptions/33f8d807-62c2-4c19-9ba0-3d3cef4f5336/resourceGroups/PRODIGIESAI_RESOURCES/providers/Microsoft.Compute/virtualMachines/ProdigiesAI-VM",
            "identity": [],
            "license_type": "",
            "location": "eastus2",
            "max_bid_price": -1,
            "name": "ProdigiesAI-VM",
            "network_interface_ids": [
              "/subscriptions/33f8d807-62c2-4c19-9ba0-3d3cef4f5336/resourceGroups/PRODIGIESAI_RESOURCES/providers/Microsoft.Network/networkInterfaces/Public-VM-NIC"
            ],
            "os_disk": [
              {
                "caching": "ReadWrite",
                "diff_disk_settings": [],
                "disk_encryption_set_id": "",
                "disk_size_gb": 30,
                "name": "ProdigiesAI-VM-Disk",
                "secure_vm_disk_encryption_set_id": "",
                "security_encryption_type": "",
                "storage_account_type": "Standard_LRS",
                "write_accelerator_enabled": false
              }
            ],
            "os_image_notification": [],
            "patch_assessment_mode": "ImageDefault",
            "patch_mode": "ImageDefault",
            "plan": [],
            "platform_fault_domain": -1,
            "priority": "Regular",
            "private_ip_address": "10.0.1.4",
            "private_ip_addresses": [
              "10.0.1.4"
            ],
            "provision_vm_agent": true,
            "proximity_placement_group_id": "",
            "public_ip_address": "104.210.0.239",
            "public_ip_addresses": [
              "104.210.0.239"
            ],
            "reboot_setting": "",
            "resource_group_name": "PRODIGIESAI_RESOURCES",
            "secret": [],
            "secure_boot_enabled": false,
            "size": "Standard_D2s_v4",
            "source_image_id": "",
            "source_image_reference": [
              {
                "offer": "UbuntuServer",
                "publisher": "Canonical",
                "sku": "18.04-LTS",
                "version": "latest"
              }
            ],
            "tags": {},
            "termination_notification": [],
            "timeouts": null,
            "user_data": "",
            "virtual_machine_id": "c6b3bfad-e6e0-40cd-8c62-e3a45f378720",
            "virtual_machine_scale_set_id": "",
            "vm_agent_platform_updates_enabled": false,
            "vtpm_enabled": false,
            "zone": ""
          },
          "sensitive_attributes": [
            [
              {
                "type": "get_attr",
                "value": "custom_data"
              }
            ],
            [
              {
                "type": "get_attr",
                "value": "admin_password"
              }
            ]
          ],
          "private": "eyJlMmJmYjczMC1lY2FhLTExZTYtOGY4OC0zNDM2M2JjN2M0YzAiOnsiY3JlYXRlIjoyNzAwMDAwMDAwMDAwLCJkZWxldGUiOjI3MDAwMDAwMDAwMDAsInJlYWQiOjMwMDAwMDAwMDAwMCwidXBkYXRlIjoyNzAwMDAwMDAwMDAwfX0=",
          "dependencies": [
            "azurerm_network_interface.public_vm_nic",
            "azurerm_public_ip.public_vm_ip",
            "azurerm_resource_group.common_rg",
            "azurerm_resource_group.prodigiesai_rg",
            "azurerm_subnet.public_subnet",
            "azurerm_virtual_network.shared_vnet"
          ]
        }
      ]
    },
    {
      "mode": "managed",
      "type": "azurerm_network_interface",
      "name": "private_vm_nic",
      "provider": "provider[\"registry.terraform.io/hashicorp/azurerm\"]",
      "instances": [
        {
          "schema_version": 0,
          "attributes": {
            "accelerated_networking_enabled": false,
            "applied_dns_servers": [],
            "auxiliary_mode": "",
            "auxiliary_sku": "",
            "dns_servers": [],
            "edge_zone": "",
            "id": "/subscriptions/33f8d807-62c2-4c19-9ba0-3d3cef4f5336/resourceGroups/BACKOFFICE_RESOURCES/providers/Microsoft.Network/networkInterfaces/Private-VM-NIC",
            "internal_dns_name_label": "",
            "internal_domain_name_suffix": "r2qc1qb0c5fulkfki00kb1py3b.cx.internal.cloudapp.net",
            "ip_configuration": [
              {
                "gateway_load_balancer_frontend_ip_configuration_id": "",
                "name": "Private-VM-IPConfig",
                "primary": true,
                "private_ip_address": "10.0.2.4",
                "private_ip_address_allocation": "Dynamic",
                "private_ip_address_version": "IPv4",
                "public_ip_address_id": "",
                "subnet_id": "/subscriptions/33f8d807-62c2-4c19-9ba0-3d3cef4f5336/resourceGroups/NETWORK_RESOURCES/providers/Microsoft.Network/virtualNetworks/Shared-VNet/subnets/Private-Subnet"
              }
            ],
            "ip_forwarding_enabled": false,
            "location": "eastus2",
            "mac_address": "60-45-BD-B1-03-20",
            "name": "Private-VM-NIC",
            "private_ip_address": "10.0.2.4",
            "private_ip_addresses": [
              "10.0.2.4"
            ],
            "resource_group_name": "BACKOFFICE_RESOURCES",
            "tags": {},
            "timeouts": null,
            "virtual_machine_id": "/subscriptions/33f8d807-62c2-4c19-9ba0-3d3cef4f5336/resourceGroups/BACKOFFICE_RESOURCES/providers/Microsoft.Compute/virtualMachines/BackOffice-VM"
          },
          "sensitive_attributes": [],
          "private": "eyJlMmJmYjczMC1lY2FhLTExZTYtOGY4OC0zNDM2M2JjN2M0YzAiOnsiY3JlYXRlIjoxODAwMDAwMDAwMDAwLCJkZWxldGUiOjE4MDAwMDAwMDAwMDAsInJlYWQiOjMwMDAwMDAwMDAwMCwidXBkYXRlIjoxODAwMDAwMDAwMDAwfX0=",
          "dependencies": [
            "azurerm_resource_group.backoffice_rg",
            "azurerm_resource_group.common_rg",
            "azurerm_subnet.private_subnet",
            "azurerm_virtual_network.shared_vnet"
          ]
        }
      ]
    },
    {
      "mode": "managed",
      "type": "azurerm_network_interface",
      "name": "public_vm_nic",
      "provider": "provider[\"registry.terraform.io/hashicorp/azurerm\"]",
      "instances": [
        {
          "schema_version": 0,
          "attributes": {
            "accelerated_networking_enabled": false,
            "applied_dns_servers": [],
            "auxiliary_mode": "",
            "auxiliary_sku": "",
            "dns_servers": [],
            "edge_zone": "",
            "id": "/subscriptions/33f8d807-62c2-4c19-9ba0-3d3cef4f5336/resourceGroups/PRODIGIESAI_RESOURCES/providers/Microsoft.Network/networkInterfaces/Public-VM-NIC",
            "internal_dns_name_label": "",
            "internal_domain_name_suffix": "r2qc1qb0c5fulkfki00kb1py3b.cx.internal.cloudapp.net",
            "ip_configuration": [
              {
                "gateway_load_balancer_frontend_ip_configuration_id": "",
                "name": "Public-VM-IPConfig",
                "primary": true,
                "private_ip_address": "10.0.1.4",
                "private_ip_address_allocation": "Dynamic",
                "private_ip_address_version": "IPv4",
                "public_ip_address_id": "/subscriptions/33f8d807-62c2-4c19-9ba0-3d3cef4f5336/resourceGroups/NETWORK_RESOURCES/providers/Microsoft.Network/publicIPAddresses/Public-VM-PublicIP",
                "subnet_id": "/subscriptions/33f8d807-62c2-4c19-9ba0-3d3cef4f5336/resourceGroups/NETWORK_RESOURCES/providers/Microsoft.Network/virtualNetworks/Shared-VNet/subnets/Public-Subnet"
              }
            ],
            "ip_forwarding_enabled": false,
            "location": "eastus2",
            "mac_address": "60-45-BD-BE-00-3B",
            "name": "Public-VM-NIC",
            "private_ip_address": "10.0.1.4",
            "private_ip_addresses": [
              "10.0.1.4"
            ],
            "resource_group_name": "PRODIGIESAI_RESOURCES",
            "tags": {},
            "timeouts": null,
            "virtual_machine_id": "/subscriptions/33f8d807-62c2-4c19-9ba0-3d3cef4f5336/resourceGroups/PRODIGIESAI_RESOURCES/providers/Microsoft.Compute/virtualMachines/ProdigiesAI-VM"
          },
          "sensitive_attributes": [],
          "private": "eyJlMmJmYjczMC1lY2FhLTExZTYtOGY4OC0zNDM2M2JjN2M0YzAiOnsiY3JlYXRlIjoxODAwMDAwMDAwMDAwLCJkZWxldGUiOjE4MDAwMDAwMDAwMDAsInJlYWQiOjMwMDAwMDAwMDAwMCwidXBkYXRlIjoxODAwMDAwMDAwMDAwfX0=",
          "dependencies": [
            "azurerm_public_ip.public_vm_ip",
            "azurerm_resource_group.common_rg",
            "azurerm_resource_group.prodigiesai_rg",
            "azurerm_subnet.public_subnet",
            "azurerm_virtual_network.shared_vnet"
          ]
        }
      ]
    },
    {
      "mode": "managed",
      "type": "azurerm_network_interface_security_group_association",
      "name": "private_nic_nsg_assoc",
      "provider": "provider[\"registry.terraform.io/hashicorp/azurerm\"]",
      "instances": [
        {
          "schema_version": 0,
          "attributes": {
            "id": "/subscriptions/33f8d807-62c2-4c19-9ba0-3d3cef4f5336/resourceGroups/BACKOFFICE_RESOURCES/providers/Microsoft.Network/networkInterfaces/Private-VM-NIC|/subscriptions/33f8d807-62c2-4c19-9ba0-3d3cef4f5336/resourceGroups/NETWORK_RESOURCES/providers/Microsoft.Network/networkSecurityGroups/Private-NSG",
            "network_interface_id": "/subscriptions/33f8d807-62c2-4c19-9ba0-3d3cef4f5336/resourceGroups/BACKOFFICE_RESOURCES/providers/Microsoft.Network/networkInterfaces/Private-VM-NIC",
            "network_security_group_id": "/subscriptions/33f8d807-62c2-4c19-9ba0-3d3cef4f5336/resourceGroups/NETWORK_RESOURCES/providers/Microsoft.Network/networkSecurityGroups/Private-NSG",
            "timeouts": null
          },
          "sensitive_attributes": [],
          "private": "eyJlMmJmYjczMC1lY2FhLTExZTYtOGY4OC0zNDM2M2JjN2M0YzAiOnsiY3JlYXRlIjoxODAwMDAwMDAwMDAwLCJkZWxldGUiOjE4MDAwMDAwMDAwMDAsInJlYWQiOjMwMDAwMDAwMDAwMH19",
          "dependencies": [
            "azurerm_network_interface.private_vm_nic",
            "azurerm_network_security_group.private_nsg",
            "azurerm_resource_group.backoffice_rg",
            "azurerm_resource_group.common_rg",
            "azurerm_subnet.private_subnet",
            "azurerm_virtual_network.shared_vnet"
          ]
        }
      ]
    },
    {
      "mode": "managed",
      "type": "azurerm_network_interface_security_group_association",
      "name": "public_nic_nsg_assoc",
      "provider": "provider[\"registry.terraform.io/hashicorp/azurerm\"]",
      "instances": [
        {
          "schema_version": 0,
          "attributes": {
            "id": "/subscriptions/33f8d807-62c2-4c19-9ba0-3d3cef4f5336/resourceGroups/PRODIGIESAI_RESOURCES/providers/Microsoft.Network/networkInterfaces/Public-VM-NIC|/subscriptions/33f8d807-62c2-4c19-9ba0-3d3cef4f5336/resourceGroups/NETWORK_RESOURCES/providers/Microsoft.Network/networkSecurityGroups/Public-NSG",
            "network_interface_id": "/subscriptions/33f8d807-62c2-4c19-9ba0-3d3cef4f5336/resourceGroups/PRODIGIESAI_RESOURCES/providers/Microsoft.Network/networkInterfaces/Public-VM-NIC",
            "network_security_group_id": "/subscriptions/33f8d807-62c2-4c19-9ba0-3d3cef4f5336/resourceGroups/NETWORK_RESOURCES/providers/Microsoft.Network/networkSecurityGroups/Public-NSG",
            "timeouts": null
          },
          "sensitive_attributes": [],
          "private": "eyJlMmJmYjczMC1lY2FhLTExZTYtOGY4OC0zNDM2M2JjN2M0YzAiOnsiY3JlYXRlIjoxODAwMDAwMDAwMDAwLCJkZWxldGUiOjE4MDAwMDAwMDAwMDAsInJlYWQiOjMwMDAwMDAwMDAwMH19",
          "dependencies": [
            "azurerm_network_interface.public_vm_nic",
            "azurerm_network_security_group.public_nsg",
            "azurerm_public_ip.public_vm_ip",
            "azurerm_resource_group.common_rg",
            "azurerm_resource_group.prodigiesai_rg",
            "azurerm_subnet.public_subnet",
            "azurerm_virtual_network.shared_vnet"
          ]
        }
      ]
    },
    {
      "mode": "managed",
      "type": "azurerm_network_security_group",
      "name": "private_nsg",
      "provider": "provider[\"registry.terraform.io/hashicorp/azurerm\"]",
      "instances": [
        {
          "schema_version": 0,
          "attributes": {
            "id": "/subscriptions/33f8d807-62c2-4c19-9ba0-3d3cef4f5336/resourceGroups/NETWORK_RESOURCES/providers/Microsoft.Network/networkSecurityGroups/Private-NSG",
            "location": "eastus2",
            "name": "Private-NSG",
            "resource_group_name": "NETWORK_RESOURCES",
            "security_rule": [
              {
                "access": "Allow",
                "description": "",
                "destination_address_prefix": "10.0.2.0/24",
                "destination_address_prefixes": [],
                "destination_application_security_group_ids": [],
                "destination_port_range": "22",
                "destination_port_ranges": [],
                "direction": "Inbound",
                "name": "Allow-Public-To-Private",
                "priority": 100,
                "protocol": "Tcp",
                "source_address_prefix": "10.0.1.0/24",
                "source_address_prefixes": [],
                "source_application_security_group_ids": [],
                "source_port_range": "*",
                "source_port_ranges": []
              }
            ],
            "tags": {},
            "timeouts": null
          },
          "sensitive_attributes": [],
          "private": "eyJlMmJmYjczMC1lY2FhLTExZTYtOGY4OC0zNDM2M2JjN2M0YzAiOnsiY3JlYXRlIjoxODAwMDAwMDAwMDAwLCJkZWxldGUiOjE4MDAwMDAwMDAwMDAsInJlYWQiOjMwMDAwMDAwMDAwMCwidXBkYXRlIjoxODAwMDAwMDAwMDAwfX0=",
          "dependencies": [
            "azurerm_resource_group.common_rg"
          ]
        }
      ]
    },
    {
      "mode": "managed",
      "type": "azurerm_network_security_group",
      "name": "public_nsg",
      "provider": "provider[\"registry.terraform.io/hashicorp/azurerm\"]",
      "instances": [
        {
          "schema_version": 0,
          "attributes": {
            "id": "/subscriptions/33f8d807-62c2-4c19-9ba0-3d3cef4f5336/resourceGroups/NETWORK_RESOURCES/providers/Microsoft.Network/networkSecurityGroups/Public-NSG",
            "location": "eastus2",
            "name": "Public-NSG",
            "resource_group_name": "NETWORK_RESOURCES",
            "security_rule": [
              {
                "access": "Allow",
                "description": "",
                "destination_address_prefix": "*",
                "destination_address_prefixes": [],
                "destination_application_security_group_ids": [],
                "destination_port_range": "",
                "destination_port_ranges": [
                  "443",
                  "80"
                ],
                "direction": "Inbound",
                "name": "Allow-HTTP-HTTPS",
                "priority": 110,
                "protocol": "Tcp",
                "source_address_prefix": "*",
                "source_address_prefixes": [],
                "source_application_security_group_ids": [],
                "source_port_range": "*",
                "source_port_ranges": []
              },
              {
                "access": "Allow",
                "description": "",
                "destination_address_prefix": "*",
                "destination_address_prefixes": [],
                "destination_application_security_group_ids": [],
                "destination_port_range": "22",
                "destination_port_ranges": [],
                "direction": "Inbound",
                "name": "Allow-SSH",
                "priority": 100,
                "protocol": "Tcp",
                "source_address_prefix": "*",
                "source_address_prefixes": [],
                "source_application_security_group_ids": [],
                "source_port_range": "*",
                "source_port_ranges": []
              }
            ],
            "tags": {},
            "timeouts": null
          },
          "sensitive_attributes": [],
          "private": "eyJlMmJmYjczMC1lY2FhLTExZTYtOGY4OC0zNDM2M2JjN2M0YzAiOnsiY3JlYXRlIjoxODAwMDAwMDAwMDAwLCJkZWxldGUiOjE4MDAwMDAwMDAwMDAsInJlYWQiOjMwMDAwMDAwMDAwMCwidXBkYXRlIjoxODAwMDAwMDAwMDAwfX0=",
          "dependencies": [
            "azurerm_resource_group.common_rg"
          ]
        }
      ]
    },
    {
      "mode": "managed",
      "type": "azurerm_network_security_rule",
      "name": "allow_http_https",
      "provider": "provider[\"registry.terraform.io/hashicorp/azurerm\"]",
      "instances": [
        {
          "schema_version": 0,
          "attributes": {
            "access": "Allow",
            "description": "",
            "destination_address_prefix": "*",
            "destination_address_prefixes": [],
            "destination_application_security_group_ids": [],
            "destination_port_range": "",
            "destination_port_ranges": [
              "443",
              "80"
            ],
            "direction": "Inbound",
            "id": "/subscriptions/33f8d807-62c2-4c19-9ba0-3d3cef4f5336/resourceGroups/NETWORK_RESOURCES/providers/Microsoft.Network/networkSecurityGroups/Public-NSG/securityRules/Allow-HTTP-HTTPS",
            "name": "Allow-HTTP-HTTPS",
            "network_security_group_name": "Public-NSG",
            "priority": 110,
            "protocol": "Tcp",
            "resource_group_name": "NETWORK_RESOURCES",
            "source_address_prefix": "*",
            "source_address_prefixes": [],
            "source_application_security_group_ids": [],
            "source_port_range": "*",
            "source_port_ranges": [],
            "timeouts": null
          },
          "sensitive_attributes": [],
          "private": "eyJlMmJmYjczMC1lY2FhLTExZTYtOGY4OC0zNDM2M2JjN2M0YzAiOnsiY3JlYXRlIjoxODAwMDAwMDAwMDAwLCJkZWxldGUiOjE4MDAwMDAwMDAwMDAsInJlYWQiOjMwMDAwMDAwMDAwMCwidXBkYXRlIjoxODAwMDAwMDAwMDAwfX0=",
          "dependencies": [
            "azurerm_network_security_group.public_nsg",
            "azurerm_resource_group.common_rg"
          ]
        }
      ]
    },
    {
      "mode": "managed",
      "type": "azurerm_network_security_rule",
      "name": "allow_public_to_private",
      "provider": "provider[\"registry.terraform.io/hashicorp/azurerm\"]",
      "instances": [
        {
          "schema_version": 0,
          "attributes": {
            "access": "Allow",
            "description": "",
            "destination_address_prefix": "10.0.2.0/24",
            "destination_address_prefixes": [],
            "destination_application_security_group_ids": [],
            "destination_port_range": "22",
            "destination_port_ranges": [],
            "direction": "Inbound",
            "id": "/subscriptions/33f8d807-62c2-4c19-9ba0-3d3cef4f5336/resourceGroups/NETWORK_RESOURCES/providers/Microsoft.Network/networkSecurityGroups/Private-NSG/securityRules/Allow-Public-To-Private",
            "name": "Allow-Public-To-Private",
            "network_security_group_name": "Private-NSG",
            "priority": 100,
            "protocol": "Tcp",
            "resource_group_name": "NETWORK_RESOURCES",
            "source_address_prefix": "10.0.1.0/24",
            "source_address_prefixes": [],
            "source_application_security_group_ids": [],
            "source_port_range": "*",
            "source_port_ranges": [],
            "timeouts": null
          },
          "sensitive_attributes": [],
          "private": "eyJlMmJmYjczMC1lY2FhLTExZTYtOGY4OC0zNDM2M2JjN2M0YzAiOnsiY3JlYXRlIjoxODAwMDAwMDAwMDAwLCJkZWxldGUiOjE4MDAwMDAwMDAwMDAsInJlYWQiOjMwMDAwMDAwMDAwMCwidXBkYXRlIjoxODAwMDAwMDAwMDAwfX0=",
          "dependencies": [
            "azurerm_network_security_group.private_nsg",
            "azurerm_resource_group.common_rg"
          ]
        }
      ]
    },
    {
      "mode": "managed",
      "type": "azurerm_network_security_rule",
      "name": "allow_ssh",
      "provider": "provider[\"registry.terraform.io/hashicorp/azurerm\"]",
      "instances": [
        {
          "schema_version": 0,
          "attributes": {
            "access": "Allow",
            "description": "",
            "destination_address_prefix": "*",
            "destination_address_prefixes": [],
            "destination_application_security_group_ids": [],
            "destination_port_range": "22",
            "destination_port_ranges": [],
            "direction": "Inbound",
            "id": "/subscriptions/33f8d807-62c2-4c19-9ba0-3d3cef4f5336/resourceGroups/NETWORK_RESOURCES/providers/Microsoft.Network/networkSecurityGroups/Public-NSG/securityRules/Allow-SSH",
            "name": "Allow-SSH",
            "network_security_group_name": "Public-NSG",
            "priority": 100,
            "protocol": "Tcp",
            "resource_group_name": "NETWORK_RESOURCES",
            "source_address_prefix": "*",
            "source_address_prefixes": [],
            "source_application_security_group_ids": [],
            "source_port_range": "*",
            "source_port_ranges": [],
            "timeouts": null
          },
          "sensitive_attributes": [],
          "private": "eyJlMmJmYjczMC1lY2FhLTExZTYtOGY4OC0zNDM2M2JjN2M0YzAiOnsiY3JlYXRlIjoxODAwMDAwMDAwMDAwLCJkZWxldGUiOjE4MDAwMDAwMDAwMDAsInJlYWQiOjMwMDAwMDAwMDAwMCwidXBkYXRlIjoxODAwMDAwMDAwMDAwfX0=",
          "dependencies": [
            "azurerm_network_security_group.public_nsg",
            "azurerm_resource_group.common_rg"
          ]
        }
      ]
    },
    {
      "mode": "managed",
      "type": "azurerm_public_ip",
      "name": "public_vm_ip",
      "provider": "provider[\"registry.terraform.io/hashicorp/azurerm\"]",
      "instances": [
        {
          "schema_version": 0,
          "attributes": {
            "allocation_method": "Static",
            "ddos_protection_mode": "VirtualNetworkInherited",
            "ddos_protection_plan_id": null,
            "domain_name_label": null,
            "edge_zone": "",
            "fqdn": null,
            "id": "/subscriptions/33f8d807-62c2-4c19-9ba0-3d3cef4f5336/resourceGroups/NETWORK_RESOURCES/providers/Microsoft.Network/publicIPAddresses/Public-VM-PublicIP",
            "idle_timeout_in_minutes": 4,
            "ip_address": "104.210.0.239",
            "ip_tags": {},
            "ip_version": "IPv4",
            "location": "eastus2",
            "name": "Public-VM-PublicIP",
            "public_ip_prefix_id": null,
            "resource_group_name": "NETWORK_RESOURCES",
            "reverse_fqdn": null,
            "sku": "Standard",
            "sku_tier": "Regional",
            "tags": {},
            "timeouts": null,
            "zones": []
          },
          "sensitive_attributes": [],
          "private": "eyJlMmJmYjczMC1lY2FhLTExZTYtOGY4OC0zNDM2M2JjN2M0YzAiOnsiY3JlYXRlIjoxODAwMDAwMDAwMDAwLCJkZWxldGUiOjE4MDAwMDAwMDAwMDAsInJlYWQiOjMwMDAwMDAwMDAwMCwidXBkYXRlIjoxODAwMDAwMDAwMDAwfX0=",
          "dependencies": [
            "azurerm_resource_group.common_rg"
          ]
        }
      ]
    },
    {
      "mode": "managed",
      "type": "azurerm_resource_group",
      "name": "backoffice_rg",
      "provider": "provider[\"registry.terraform.io/hashicorp/azurerm\"]",
      "instances": [
        {
          "schema_version": 0,
          "attributes": {
            "id": "/subscriptions/33f8d807-62c2-4c19-9ba0-3d3cef4f5336/resourceGroups/BACKOFFICE_RESOURCES",
            "location": "eastus2",
            "managed_by": "",
            "name": "BACKOFFICE_RESOURCES",
            "tags": {},
            "timeouts": null
          },
          "sensitive_attributes": [],
          "private": "eyJlMmJmYjczMC1lY2FhLTExZTYtOGY4OC0zNDM2M2JjN2M0YzAiOnsiY3JlYXRlIjo1NDAwMDAwMDAwMDAwLCJkZWxldGUiOjU0MDAwMDAwMDAwMDAsInJlYWQiOjMwMDAwMDAwMDAwMCwidXBkYXRlIjo1NDAwMDAwMDAwMDAwfX0="
        }
      ]
    },
    {
      "mode": "managed",
      "type": "azurerm_resource_group",
      "name": "common_rg",
      "provider": "provider[\"registry.terraform.io/hashicorp/azurerm\"]",
      "instances": [
        {
          "schema_version": 0,
          "attributes": {
            "id": "/subscriptions/33f8d807-62c2-4c19-9ba0-3d3cef4f5336/resourceGroups/NETWORK_RESOURCES",
            "location": "eastus2",
            "managed_by": "",
            "name": "NETWORK_RESOURCES",
            "tags": {},
            "timeouts": null
          },
          "sensitive_attributes": [],
          "private": "eyJlMmJmYjczMC1lY2FhLTExZTYtOGY4OC0zNDM2M2JjN2M0YzAiOnsiY3JlYXRlIjo1NDAwMDAwMDAwMDAwLCJkZWxldGUiOjU0MDAwMDAwMDAwMDAsInJlYWQiOjMwMDAwMDAwMDAwMCwidXBkYXRlIjo1NDAwMDAwMDAwMDAwfX0="
        }
      ]
    },
    {
      "mode": "managed",
      "type": "azurerm_resource_group",
      "name": "prodigiesai_rg",
      "provider": "provider[\"registry.terraform.io/hashicorp/azurerm\"]",
      "instances": [
        {
          "schema_version": 0,
          "attributes": {
            "id": "/subscriptions/33f8d807-62c2-4c19-9ba0-3d3cef4f5336/resourceGroups/PRODIGIESAI_RESOURCES",
            "location": "eastus2",
            "managed_by": "",
            "name": "PRODIGIESAI_RESOURCES",
            "tags": {},
            "timeouts": null
          },
          "sensitive_attributes": [],
          "private": "eyJlMmJmYjczMC1lY2FhLTExZTYtOGY4OC0zNDM2M2JjN2M0YzAiOnsiY3JlYXRlIjo1NDAwMDAwMDAwMDAwLCJkZWxldGUiOjU0MDAwMDAwMDAwMDAsInJlYWQiOjMwMDAwMDAwMDAwMCwidXBkYXRlIjo1NDAwMDAwMDAwMDAwfX0="
        }
      ]
    },
    {
      "mode": "managed",
      "type": "azurerm_subnet",
      "name": "private_subnet",
      "provider": "provider[\"registry.terraform.io/hashicorp/azurerm\"]",
      "instances": [
        {
          "schema_version": 0,
          "attributes": {
            "address_prefixes": [
              "10.0.2.0/24"
            ],
            "default_outbound_access_enabled": true,
            "delegation": [],
            "id": "/subscriptions/33f8d807-62c2-4c19-9ba0-3d3cef4f5336/resourceGroups/NETWORK_RESOURCES/providers/Microsoft.Network/virtualNetworks/Shared-VNet/subnets/Private-Subnet",
            "name": "Private-Subnet",
            "private_endpoint_network_policies": "Disabled",
            "private_link_service_network_policies_enabled": true,
            "resource_group_name": "NETWORK_RESOURCES",
            "service_endpoint_policy_ids": [],
            "service_endpoints": [],
            "timeouts": null,
            "virtual_network_name": "Shared-VNet"
          },
          "sensitive_attributes": [],
          "private": "eyJlMmJmYjczMC1lY2FhLTExZTYtOGY4OC0zNDM2M2JjN2M0YzAiOnsiY3JlYXRlIjoxODAwMDAwMDAwMDAwLCJkZWxldGUiOjE4MDAwMDAwMDAwMDAsInJlYWQiOjMwMDAwMDAwMDAwMCwidXBkYXRlIjoxODAwMDAwMDAwMDAwfX0=",
          "dependencies": [
            "azurerm_resource_group.common_rg",
            "azurerm_virtual_network.shared_vnet"
          ]
        }
      ]
    },
    {
      "mode": "managed",
      "type": "azurerm_subnet",
      "name": "public_subnet",
      "provider": "provider[\"registry.terraform.io/hashicorp/azurerm\"]",
      "instances": [
        {
          "schema_version": 0,
          "attributes": {
            "address_prefixes": [
              "10.0.1.0/24"
            ],
            "default_outbound_access_enabled": true,
            "delegation": [],
            "id": "/subscriptions/33f8d807-62c2-4c19-9ba0-3d3cef4f5336/resourceGroups/NETWORK_RESOURCES/providers/Microsoft.Network/virtualNetworks/Shared-VNet/subnets/Public-Subnet",
            "name": "Public-Subnet",
            "private_endpoint_network_policies": "Disabled",
            "private_link_service_network_policies_enabled": true,
            "resource_group_name": "NETWORK_RESOURCES",
            "service_endpoint_policy_ids": [],
            "service_endpoints": [],
            "timeouts": null,
            "virtual_network_name": "Shared-VNet"
          },
          "sensitive_attributes": [],
          "private": "eyJlMmJmYjczMC1lY2FhLTExZTYtOGY4OC0zNDM2M2JjN2M0YzAiOnsiY3JlYXRlIjoxODAwMDAwMDAwMDAwLCJkZWxldGUiOjE4MDAwMDAwMDAwMDAsInJlYWQiOjMwMDAwMDAwMDAwMCwidXBkYXRlIjoxODAwMDAwMDAwMDAwfX0=",
          "dependencies": [
            "azurerm_resource_group.common_rg",
            "azurerm_virtual_network.shared_vnet"
          ]
        }
      ]
    },
    {
      "mode": "managed",
      "type": "azurerm_virtual_network",
      "name": "shared_vnet",
      "provider": "provider[\"registry.terraform.io/hashicorp/azurerm\"]",
      "instances": [
        {
          "schema_version": 0,
          "attributes": {
            "address_space": [
              "10.0.0.0/16"
            ],
            "bgp_community": "",
            "ddos_protection_plan": [],
            "dns_servers": [],
            "edge_zone": "",
            "encryption": [],
            "flow_timeout_in_minutes": 0,
            "guid": "c02d208f-173a-45cb-a8aa-46b4a0edf8e9",
            "id": "/subscriptions/33f8d807-62c2-4c19-9ba0-3d3cef4f5336/resourceGroups/NETWORK_RESOURCES/providers/Microsoft.Network/virtualNetworks/Shared-VNet",
            "location": "eastus2",
            "name": "Shared-VNet",
            "resource_group_name": "NETWORK_RESOURCES",
            "subnet": [
              {
                "address_prefixes": [
                  "10.0.1.0/24"
                ],
                "default_outbound_access_enabled": true,
                "delegation": [],
                "id": "/subscriptions/33f8d807-62c2-4c19-9ba0-3d3cef4f5336/resourceGroups/NETWORK_RESOURCES/providers/Microsoft.Network/virtualNetworks/Shared-VNet/subnets/Public-Subnet",
                "name": "Public-Subnet",
                "private_endpoint_network_policies": "Disabled",
                "private_link_service_network_policies_enabled": true,
                "route_table_id": "",
                "security_group": "",
                "service_endpoint_policy_ids": [],
                "service_endpoints": []
              },
              {
                "address_prefixes": [
                  "10.0.2.0/24"
                ],
                "default_outbound_access_enabled": true,
                "delegation": [],
                "id": "/subscriptions/33f8d807-62c2-4c19-9ba0-3d3cef4f5336/resourceGroups/NETWORK_RESOURCES/providers/Microsoft.Network/virtualNetworks/Shared-VNet/subnets/Private-Subnet",
                "name": "Private-Subnet",
                "private_endpoint_network_policies": "Disabled",
                "private_link_service_network_policies_enabled": true,
                "route_table_id": "",
                "security_group": "",
                "service_endpoint_policy_ids": [],
                "service_endpoints": []
              }
            ],
            "tags": {},
            "timeouts": null
          },
          "sensitive_attributes": [],
          "private": "eyJlMmJmYjczMC1lY2FhLTExZTYtOGY4OC0zNDM2M2JjN2M0YzAiOnsiY3JlYXRlIjoxODAwMDAwMDAwMDAwLCJkZWxldGUiOjE4MDAwMDAwMDAwMDAsInJlYWQiOjMwMDAwMDAwMDAwMCwidXBkYXRlIjoxODAwMDAwMDAwMDAwfX0=",
          "dependencies": [
            "azurerm_resource_group.common_rg"
          ]
        }
      ]
    },
    {
      "mode": "managed",
      "type": "local_file",
      "name": "ansible_inventory",
      "provider": "provider[\"registry.terraform.io/hashicorp/local\"]",
      "instances": [
        {
          "schema_version": 0,
          "attributes": {
            "content": "[public_vm]\n104.210.0.239 ansible_user=aiadmin ansible_ssh_private_key_file=~/.ssh/id_rsa ansible_python_interpreter=/usr/bin/python3\n\n\n[private_vm]\n10.0.2.4 ansible_user=aiadmin ansible_ssh_private_key_file=~/.ssh/id_rsa ansible_ssh_common_args='-o ProxyJump=aiadmin@104.210.0.239 ansible_python_interpreter=/usr/bin/python3'\n",
            "content_base64": null,
            "content_base64sha256": "S1BLZ4OnpGwX50HzlDjw2UhJ5B+nqU7cJv723oVzQGk=",
            "content_base64sha512": "xvFgyfD0MmmJFYYy5m1iba6fdkdCh9tsX2R8U0OavTcYZzDNQOZAWzRZNuTkTW5qjPlvESiV5vDwrsQ57hBQYQ==",
            "content_md5": "484dbd3f69d8c4027520b90923d9dd7e",
            "content_sha1": "a5b2e58a7a981f66d800dd0d78fd7aec82a5dbd8",
            "content_sha256": "4b504b6783a7a46c17e741f39438f0d94849e41fa7a94edc26fef6de85734069",
            "content_sha512": "c6f160c9f0f4326989158632e66d626dae9f76474287db6c5f647c53439abd37186730cd40e6405b345936e4e44d6e6a8cf96f112895e6f0f0aec439ee105061",
            "directory_permission": "0777",
            "file_permission": "0777",
            "filename": "ansible/inventory.ini",
            "id": "a5b2e58a7a981f66d800dd0d78fd7aec82a5dbd8",
            "sensitive_content": null,
            "source": null
          },
          "sensitive_attributes": [
            [
              {
                "type": "get_attr",
                "value": "sensitive_content"
              }
            ]
          ],
          "dependencies": [
            "azurerm_linux_virtual_machine.private_vm",
            "azurerm_linux_virtual_machine.public_vm",
            "azurerm_network_interface.private_vm_nic",
            "azurerm_network_interface.public_vm_nic",
            "azurerm_public_ip.public_vm_ip",
            "azurerm_resource_group.backoffice_rg",
            "azurerm_resource_group.common_rg",
            "azurerm_resource_group.prodigiesai_rg",
            "azurerm_subnet.private_subnet",
            "azurerm_subnet.public_subnet",
            "azurerm_virtual_network.shared_vnet"
          ]
        }
      ]
    },
    {
      "mode": "managed",
      "type": "null_resource",
      "name": "provision_with_ansible",
      "provider": "provider[\"registry.terraform.io/hashicorp/null\"]",
      "instances": [
        {
          "schema_version": 0,
          "attributes": {
            "id": "1594948706255135401",
            "triggers": null
          },
          "sensitive_attributes": [],
          "dependencies": [
            "azurerm_linux_virtual_machine.private_vm",
            "azurerm_linux_virtual_machine.public_vm",
            "azurerm_network_interface.private_vm_nic",
            "azurerm_network_interface.public_vm_nic",
            "azurerm_public_ip.public_vm_ip",
            "azurerm_resource_group.backoffice_rg",
            "azurerm_resource_group.common_rg",
            "azurerm_resource_group.prodigiesai_rg",
            "azurerm_subnet.private_subnet",
            "azurerm_subnet.public_subnet",
            "azurerm_virtual_network.shared_vnet",
            "local_file.ansible_inventory"
          ]
        }
      ]
    }
  ],
  "check_results": null
}
